
Microsoft Visual Studio Solution File, Format Version 12.00
# Visual Studio Version 17
VisualStudioVersion = 17.2.32630.192
MinimumVisualStudioVersion = 10.0.40219.1
Project("{FAE04EC0-301F-11D3-BF4B-00C04F79EFBC}") = "UnitTestProject3", "UnitTestProject3\UnitTestProject3.csproj", "{8FFB5E78-9373-4868-9AD9-FCF82EB43FEC}"
EndProject
Global
	GlobalSection(SolutionConfigurationPlatforms) = preSolution
		Debug|Any CPU = Debug|Any CPU
		Release|Any CPU = Release|Any CPU
	EndGlobalSection
	GlobalSection(ProjectConfigurationPlatforms) = postSolution
		{8FFB5E78-9373-4868-9AD9-FCF82EB43FEC}.Debug|Any CPU.ActiveCfg = Debug|Any CPU
		{8FFB5E78-9373-4868-9AD9-FCF82EB43FEC}.Debug|Any CPU.Build.0 = Debug|Any CPU
		{8FFB5E78-9373-4868-9AD9-FCF82EB43FEC}.Release|Any CPU.ActiveCfg = Release|Any CPU
		{8FFB5E78-9373-4868-9AD9-FCF82EB43FEC}.Release|Any CPU.Build.0 = Release|Any CPU
	EndGlobalSection
	GlobalSection(SolutionProperties) = preSolution
		HideSolutionNode = FALSE
	EndGlobalSection
	GlobalSection(ExtensibilityGlobals) = postSolution
		SolutionGuid = {29FC1354-9D1C-48D6-B834-A13BA517D12D}
	EndGlobalSection
EndGlobal
